# THIS IS AN AUTOGENERATED FILE. DO NOT EDIT THIS FILE DIRECTLY.
# yarn lockfile v1


get-stdin@~0.1.0:
  version "0.1.0"
  resolved "https://registry.yarnpkg.com/get-stdin/-/get-stdin-0.1.0.tgz#5998af24aafc802d15c82c685657eeb8b10d4a91"

pandoc-filter@^0.1.6:
  version "0.1.6"
  resolved "https://registry.yarnpkg.com/pandoc-filter/-/pandoc-filter-0.1.6.tgz#263d54de26da9d7db6aeb6e0f0fe19ac7a764ad2"
  dependencies:
    get-stdin "~0.1.0"
